
Microsoft Visual Studio Solution File, Format Version 12.00
# Visual Studio 15
VisualStudioVersion = 15.0.26430.6
MinimumVisualStudioVersion = 10.0.40219.1
Project("{FAE04EC0-301F-11D3-BF4B-00C04F79EFBC}") = "01 First Steps", "01 First Steps\01 First Steps.csproj", "{C41BADCA-5A7B-4DF9-98C5-2A6B90129FBC}"
EndProject
Project("{FAE04EC0-301F-11D3-BF4B-00C04F79EFBC}") = "Expression", "Expression\Expression.csproj", "{5400CBF8-D5B3-4FB2-9A45-9AF54BA90ED9}"
EndProject
Project("{FAE04EC0-301F-11D3-BF4B-00C04F79EFBC}") = "03 Numbers from 1 to 20", "03 Numbers from 1 to 20\03 Numbers from 1 to 20.csproj", "{559E1F28-B2A3-42F3-A077-902BBB14FA0E}"
EndProject
Project("{FAE04EC0-301F-11D3-BF4B-00C04F79EFBC}") = "03 Numbers from 1 to 0 for loop", "03 Numbers from 1 to 0 for loop\03 Numbers from 1 to 0 for loop.csproj", "{3650BB74-C036-4D88-B1DB-963E6FC01C9F}"
EndProject
Project("{FAE04EC0-301F-11D3-BF4B-00C04F79EFBC}") = "04 Stars 55", "04 Stars 55\04 Stars 55.csproj", "{75C459E6-BA23-455D-A478-4D9E891E2040}"
EndProject
Project("{FAE04EC0-301F-11D3-BF4B-00C04F79EFBC}") = "05 Rectangle surface", "05 Rectangle surface\05 Rectangle surface.csproj", "{8F5BF2F2-FDC1-4CF5-91AE-21EFC6599E0B}"
EndProject
Project("{FAE04EC0-301F-11D3-BF4B-00C04F79EFBC}") = "06 Rectangular stars", "06 Rectangular stars\06 Rectangular stars.csproj", "{EEBC8F90-2F32-4D6D-95DB-34EEBFAC070B}"
EndProject
Project("{FAE04EC0-301F-11D3-BF4B-00C04F79EFBC}") = "WebApplication1", "WebApplication1\WebApplication1.csproj", "{4E176ABB-CB16-462D-9972-794410FB1989}"
EndProject
Global
	GlobalSection(SolutionConfigurationPlatforms) = preSolution
		Debug|Any CPU = Debug|Any CPU
		Release|Any CPU = Release|Any CPU
	EndGlobalSection
	GlobalSection(ProjectConfigurationPlatforms) = postSolution
		{C41BADCA-5A7B-4DF9-98C5-2A6B90129FBC}.Debug|Any CPU.ActiveCfg = Debug|Any CPU
		{C41BADCA-5A7B-4DF9-98C5-2A6B90129FBC}.Debug|Any CPU.Build.0 = Debug|Any CPU
		{C41BADCA-5A7B-4DF9-98C5-2A6B90129FBC}.Release|Any CPU.ActiveCfg = Release|Any CPU
		{C41BADCA-5A7B-4DF9-98C5-2A6B90129FBC}.Release|Any CPU.Build.0 = Release|Any CPU
		{5400CBF8-D5B3-4FB2-9A45-9AF54BA90ED9}.Debug|Any CPU.ActiveCfg = Debug|Any CPU
		{5400CBF8-D5B3-4FB2-9A45-9AF54BA90ED9}.Debug|Any CPU.Build.0 = Debug|Any CPU
		{5400CBF8-D5B3-4FB2-9A45-9AF54BA90ED9}.Release|Any CPU.ActiveCfg = Release|Any CPU
		{5400CBF8-D5B3-4FB2-9A45-9AF54BA90ED9}.Release|Any CPU.Build.0 = Release|Any CPU
		{559E1F28-B2A3-42F3-A077-902BBB14FA0E}.Debug|Any CPU.ActiveCfg = Debug|Any CPU
		{559E1F28-B2A3-42F3-A077-902BBB14FA0E}.Debug|Any CPU.Build.0 = Debug|Any CPU
		{559E1F28-B2A3-42F3-A077-902BBB14FA0E}.Release|Any CPU.ActiveCfg = Release|Any CPU
		{559E1F28-B2A3-42F3-A077-902BBB14FA0E}.Release|Any CPU.Build.0 = Release|Any CPU
		{3650BB74-C036-4D88-B1DB-963E6FC01C9F}.Debug|Any CPU.ActiveCfg = Debug|Any CPU
		{3650BB74-C036-4D88-B1DB-963E6FC01C9F}.Debug|Any CPU.Build.0 = Debug|Any CPU
		{3650BB74-C036-4D88-B1DB-963E6FC01C9F}.Release|Any CPU.ActiveCfg = Release|Any CPU
		{3650BB74-C036-4D88-B1DB-963E6FC01C9F}.Release|Any CPU.Build.0 = Release|Any CPU
		{75C459E6-BA23-455D-A478-4D9E891E2040}.Debug|Any CPU.ActiveCfg = Debug|Any CPU
		{75C459E6-BA23-455D-A478-4D9E891E2040}.Debug|Any CPU.Build.0 = Debug|Any CPU
		{75C459E6-BA23-455D-A478-4D9E891E2040}.Release|Any CPU.ActiveCfg = Release|Any CPU
		{75C459E6-BA23-455D-A478-4D9E891E2040}.Release|Any CPU.Build.0 = Release|Any CPU
		{8F5BF2F2-FDC1-4CF5-91AE-21EFC6599E0B}.Debug|Any CPU.ActiveCfg = Debug|Any CPU
		{8F5BF2F2-FDC1-4CF5-91AE-21EFC6599E0B}.Debug|Any CPU.Build.0 = Debug|Any CPU
		{8F5BF2F2-FDC1-4CF5-91AE-21EFC6599E0B}.Release|Any CPU.ActiveCfg = Release|Any CPU
		{8F5BF2F2-FDC1-4CF5-91AE-21EFC6599E0B}.Release|Any CPU.Build.0 = Release|Any CPU
		{EEBC8F90-2F32-4D6D-95DB-34EEBFAC070B}.Debug|Any CPU.ActiveCfg = Debug|Any CPU
		{EEBC8F90-2F32-4D6D-95DB-34EEBFAC070B}.Debug|Any CPU.Build.0 = Debug|Any CPU
		{EEBC8F90-2F32-4D6D-95DB-34EEBFAC070B}.Release|Any CPU.ActiveCfg = Release|Any CPU
		{EEBC8F90-2F32-4D6D-95DB-34EEBFAC070B}.Release|Any CPU.Build.0 = Release|Any CPU
		{4E176ABB-CB16-462D-9972-794410FB1989}.Debug|Any CPU.ActiveCfg = Debug|Any CPU
		{4E176ABB-CB16-462D-9972-794410FB1989}.Debug|Any CPU.Build.0 = Debug|Any CPU
		{4E176ABB-CB16-462D-9972-794410FB1989}.Release|Any CPU.ActiveCfg = Release|Any CPU
		{4E176ABB-CB16-462D-9972-794410FB1989}.Release|Any CPU.Build.0 = Release|Any CPU
	EndGlobalSection
	GlobalSection(SolutionProperties) = preSolution
		HideSolutionNode = FALSE
	EndGlobalSection
EndGlobal
