
Microsoft Visual Studio Solution File, Format Version 12.00
# Visual Studio 15
VisualStudioVersion = 15.0.26430.13
MinimumVisualStudioVersion = 10.0.40219.1
Project("{FAE04EC0-301F-11D3-BF4B-00C04F79EFBC}") = "4Grades", "4Grades\4Grades.csproj", "{7F29615A-F958-4A10-9F10-AAE73CE2B798}"
EndProject
Project("{FAE04EC0-301F-11D3-BF4B-00C04F79EFBC}") = "5ChristmasHat", "5ChristmasHat\5ChristmasHat.csproj", "{C4D43B26-8B95-489A-931B-4F2492F5142B}"
EndProject
Project("{FAE04EC0-301F-11D3-BF4B-00C04F79EFBC}") = "6LettersCombinations", "6LettersCombinations\6LettersCombinations.csproj", "{34E8F3D7-E786-47EB-9944-38D07FA30F8B}"
EndProject
Global
	GlobalSection(SolutionConfigurationPlatforms) = preSolution
		Debug|Any CPU = Debug|Any CPU
		Release|Any CPU = Release|Any CPU
	EndGlobalSection
	GlobalSection(ProjectConfigurationPlatforms) = postSolution
		{7F29615A-F958-4A10-9F10-AAE73CE2B798}.Debug|Any CPU.ActiveCfg = Debug|Any CPU
		{7F29615A-F958-4A10-9F10-AAE73CE2B798}.Debug|Any CPU.Build.0 = Debug|Any CPU
		{7F29615A-F958-4A10-9F10-AAE73CE2B798}.Release|Any CPU.ActiveCfg = Release|Any CPU
		{7F29615A-F958-4A10-9F10-AAE73CE2B798}.Release|Any CPU.Build.0 = Release|Any CPU
		{C4D43B26-8B95-489A-931B-4F2492F5142B}.Debug|Any CPU.ActiveCfg = Debug|Any CPU
		{C4D43B26-8B95-489A-931B-4F2492F5142B}.Debug|Any CPU.Build.0 = Debug|Any CPU
		{C4D43B26-8B95-489A-931B-4F2492F5142B}.Release|Any CPU.ActiveCfg = Release|Any CPU
		{C4D43B26-8B95-489A-931B-4F2492F5142B}.Release|Any CPU.Build.0 = Release|Any CPU
		{34E8F3D7-E786-47EB-9944-38D07FA30F8B}.Debug|Any CPU.ActiveCfg = Debug|Any CPU
		{34E8F3D7-E786-47EB-9944-38D07FA30F8B}.Debug|Any CPU.Build.0 = Debug|Any CPU
		{34E8F3D7-E786-47EB-9944-38D07FA30F8B}.Release|Any CPU.ActiveCfg = Release|Any CPU
		{34E8F3D7-E786-47EB-9944-38D07FA30F8B}.Release|Any CPU.Build.0 = Release|Any CPU
	EndGlobalSection
	GlobalSection(SolutionProperties) = preSolution
		HideSolutionNode = FALSE
	EndGlobalSection
EndGlobal
