
Microsoft Visual Studio Solution File, Format Version 12.00
# Visual Studio 15
VisualStudioVersion = 15.0.26403.7
MinimumVisualStudioVersion = 10.0.40219.1
Project("{FAE04EC0-301F-11D3-BF4B-00C04F79EFBC}") = "ExcellentMark", "ExcellentMark\ExcellentMark.csproj", "{AA7369A1-BAE0-4613-95C8-BC9D23CD06EC}"
EndProject
Global
	GlobalSection(SolutionConfigurationPlatforms) = preSolution
		Debug|Any CPU = Debug|Any CPU
		Release|Any CPU = Release|Any CPU
	EndGlobalSection
	GlobalSection(ProjectConfigurationPlatforms) = postSolution
		{AA7369A1-BAE0-4613-95C8-BC9D23CD06EC}.Debug|Any CPU.ActiveCfg = Debug|Any CPU
		{AA7369A1-BAE0-4613-95C8-BC9D23CD06EC}.Debug|Any CPU.Build.0 = Debug|Any CPU
		{AA7369A1-BAE0-4613-95C8-BC9D23CD06EC}.Release|Any CPU.ActiveCfg = Release|Any CPU
		{AA7369A1-BAE0-4613-95C8-BC9D23CD06EC}.Release|Any CPU.Build.0 = Release|Any CPU
	EndGlobalSection
	GlobalSection(SolutionProperties) = preSolution
		HideSolutionNode = FALSE
	EndGlobalSection
EndGlobal
