
Microsoft Visual Studio Solution File, Format Version 12.00
# Visual Studio 15
VisualStudioVersion = 15.0.26403.7
MinimumVisualStudioVersion = 10.0.40219.1
Project("{FAE04EC0-301F-11D3-BF4B-00C04F79EFBC}") = "1To9", "ConsoleApp1\1To9.csproj", "{381FB418-EC46-42F3-AAF8-80AB339709FB}"
EndProject
Global
	GlobalSection(SolutionConfigurationPlatforms) = preSolution
		Debug|Any CPU = Debug|Any CPU
		Release|Any CPU = Release|Any CPU
	EndGlobalSection
	GlobalSection(ProjectConfigurationPlatforms) = postSolution
		{381FB418-EC46-42F3-AAF8-80AB339709FB}.Debug|Any CPU.ActiveCfg = Debug|Any CPU
		{381FB418-EC46-42F3-AAF8-80AB339709FB}.Debug|Any CPU.Build.0 = Debug|Any CPU
		{381FB418-EC46-42F3-AAF8-80AB339709FB}.Release|Any CPU.ActiveCfg = Release|Any CPU
		{381FB418-EC46-42F3-AAF8-80AB339709FB}.Release|Any CPU.Build.0 = Release|Any CPU
	EndGlobalSection
	GlobalSection(SolutionProperties) = preSolution
		HideSolutionNode = FALSE
	EndGlobalSection
EndGlobal
